// !$*UTF8*$!
{
	archiveVersion = 1;
	classes = {
	};
	objectVersion = 50;
	objects = {

/* Begin PBXBuildFile section */
		848F054027B4364600B705A8 /* AppDelegate.swift in Sources */ = {isa = PBXBuildFile; fileRef = 848F053F27B4364600B705A8 /* AppDelegate.swift */; };
		848F054227B4364600B705A8 /* SceneDelegate.swift in Sources */ = {isa = PBXBuildFile; fileRef = 848F054127B4364600B705A8 /* SceneDelegate.swift */; };
		848F054427B4364600B705A8 /* BaseViewController.swift in Sources */ = {isa = PBXBuildFile; fileRef = 848F054327B4364600B705A8 /* BaseViewController.swift */; };
		848F054927B4364900B705A8 /* Assets.xcassets in Resources */ = {isa = PBXBuildFile; fileRef = 848F054827B4364900B705A8 /* Assets.xcassets */; };
		848F054C27B4364900B705A8 /* LaunchScreen.storyboard in Resources */ = {isa = PBXBuildFile; fileRef = 848F054A27B4364900B705A8 /* LaunchScreen.storyboard */; };
		848F055E27B44AAC00B705A8 /* UIColor+Extension.swift in Sources */ = {isa = PBXBuildFile; fileRef = 848F055D27B44AAC00B705A8 /* UIColor+Extension.swift */; };
		848F056127B44BB000B705A8 /* ThemeColor.swift in Sources */ = {isa = PBXBuildFile; fileRef = 848F056027B44BB000B705A8 /* ThemeColor.swift */; };
		848F056327B4513A00B705A8 /* BaseNavigationController.swift in Sources */ = {isa = PBXBuildFile; fileRef = 848F056227B4513A00B705A8 /* BaseNavigationController.swift */; };
		848F056527B451FC00B705A8 /* ViewBuilderProtocol.swift in Sources */ = {isa = PBXBuildFile; fileRef = 848F056427B451FC00B705A8 /* ViewBuilderProtocol.swift */; };
		848F056727B4537300B705A8 /* RegularNewsPresenter.swift in Sources */ = {isa = PBXBuildFile; fileRef = 848F056627B4537300B705A8 /* RegularNewsPresenter.swift */; };
		848F056927B4538100B705A8 /* RegularNewsViewController.swift in Sources */ = {isa = PBXBuildFile; fileRef = 848F056827B4538100B705A8 /* RegularNewsViewController.swift */; };
		848F056B27B4539100B705A8 /* RegularNewsViewBuilder.swift in Sources */ = {isa = PBXBuildFile; fileRef = 848F056A27B4539100B705A8 /* RegularNewsViewBuilder.swift */; };
		848F056D27B45D2800B705A8 /* RegularNewsModel.swift in Sources */ = {isa = PBXBuildFile; fileRef = 848F056C27B45D2800B705A8 /* RegularNewsModel.swift */; };
		848F056F27B4618E00B705A8 /* News.swift in Sources */ = {isa = PBXBuildFile; fileRef = 848F056E27B4618E00B705A8 /* News.swift */; };
		848F057327B4665200B705A8 /* BaseTabBarController.swift in Sources */ = {isa = PBXBuildFile; fileRef = 848F057227B4665200B705A8 /* BaseTabBarController.swift */; };
		848F057527B577A400B705A8 /* RootViewController.swift in Sources */ = {isa = PBXBuildFile; fileRef = 848F057427B577A400B705A8 /* RootViewController.swift */; };
		84CBE06927B8034D009E6B1C /* LoadingView.swift in Sources */ = {isa = PBXBuildFile; fileRef = 84CBE06827B8034D009E6B1C /* LoadingView.swift */; };
		84CBE06B27BAC7A3009E6B1C /* RegularNewsTableViewCell.swift in Sources */ = {isa = PBXBuildFile; fileRef = 84CBE06A27BAC7A3009E6B1C /* RegularNewsTableViewCell.swift */; };
		84CBE06D27BB0042009E6B1C /* UIView+Extension.swift in Sources */ = {isa = PBXBuildFile; fileRef = 84CBE06C27BB0042009E6B1C /* UIView+Extension.swift */; };
		84CBE06F27C44696009E6B1C /* String+Extension.swift in Sources */ = {isa = PBXBuildFile; fileRef = 84CBE06E27C44696009E6B1C /* String+Extension.swift */; };
		84CBE07127C5060B009E6B1C /* Date+Extension.swift in Sources */ = {isa = PBXBuildFile; fileRef = 84CBE07027C5060B009E6B1C /* Date+Extension.swift */; };
/* End PBXBuildFile section */

/* Begin PBXFileReference section */
		848F053C27B4364600B705A8 /* TheNews.app */ = {isa = PBXFileReference; explicitFileType = wrapper.application; includeInIndex = 0; path = TheNews.app; sourceTree = BUILT_PRODUCTS_DIR; };
		848F053F27B4364600B705A8 /* AppDelegate.swift */ = {isa = PBXFileReference; lastKnownFileType = sourcecode.swift; path = AppDelegate.swift; sourceTree = "<group>"; };
		848F054127B4364600B705A8 /* SceneDelegate.swift */ = {isa = PBXFileReference; lastKnownFileType = sourcecode.swift; path = SceneDelegate.swift; sourceTree = "<group>"; };
		848F054327B4364600B705A8 /* BaseViewController.swift */ = {isa = PBXFileReference; lastKnownFileType = sourcecode.swift; path = BaseViewController.swift; sourceTree = "<group>"; };
		848F054827B4364900B705A8 /* Assets.xcassets */ = {isa = PBXFileReference; lastKnownFileType = folder.assetcatalog; path = Assets.xcassets; sourceTree = "<group>"; };
		848F054B27B4364900B705A8 /* Base */ = {isa = PBXFileReference; lastKnownFileType = file.storyboard; name = Base; path = Base.lproj/LaunchScreen.storyboard; sourceTree = "<group>"; };
		848F054D27B4364900B705A8 /* Info.plist */ = {isa = PBXFileReference; lastKnownFileType = text.plist.xml; path = Info.plist; sourceTree = "<group>"; };
		848F055D27B44AAC00B705A8 /* UIColor+Extension.swift */ = {isa = PBXFileReference; lastKnownFileType = sourcecode.swift; path = "UIColor+Extension.swift"; sourceTree = "<group>"; };
		848F056027B44BB000B705A8 /* ThemeColor.swift */ = {isa = PBXFileReference; lastKnownFileType = sourcecode.swift; path = ThemeColor.swift; sourceTree = "<group>"; };
		848F056227B4513A00B705A8 /* BaseNavigationController.swift */ = {isa = PBXFileReference; lastKnownFileType = sourcecode.swift; path = BaseNavigationController.swift; sourceTree = "<group>"; };
		848F056427B451FC00B705A8 /* ViewBuilderProtocol.swift */ = {isa = PBXFileReference; lastKnownFileType = sourcecode.swift; path = ViewBuilderProtocol.swift; sourceTree = "<group>"; };
		848F056627B4537300B705A8 /* RegularNewsPresenter.swift */ = {isa = PBXFileReference; lastKnownFileType = sourcecode.swift; path = RegularNewsPresenter.swift; sourceTree = "<group>"; };
		848F056827B4538100B705A8 /* RegularNewsViewController.swift */ = {isa = PBXFileReference; lastKnownFileType = sourcecode.swift; path = RegularNewsViewController.swift; sourceTree = "<group>"; };
		848F056A27B4539100B705A8 /* RegularNewsViewBuilder.swift */ = {isa = PBXFileReference; lastKnownFileType = sourcecode.swift; path = RegularNewsViewBuilder.swift; sourceTree = "<group>"; };
		848F056C27B45D2800B705A8 /* RegularNewsModel.swift */ = {isa = PBXFileReference; lastKnownFileType = sourcecode.swift; path = RegularNewsModel.swift; sourceTree = "<group>"; };
		848F056E27B4618E00B705A8 /* News.swift */ = {isa = PBXFileReference; lastKnownFileType = sourcecode.swift; path = News.swift; sourceTree = "<group>"; };
		848F057227B4665200B705A8 /* BaseTabBarController.swift */ = {isa = PBXFileReference; lastKnownFileType = sourcecode.swift; path = BaseTabBarController.swift; sourceTree = "<group>"; };
		848F057427B577A400B705A8 /* RootViewController.swift */ = {isa = PBXFileReference; lastKnownFileType = sourcecode.swift; path = RootViewController.swift; sourceTree = "<group>"; };
		84CBE06827B8034D009E6B1C /* LoadingView.swift */ = {isa = PBXFileReference; lastKnownFileType = sourcecode.swift; path = LoadingView.swift; sourceTree = "<group>"; };
		84CBE06A27BAC7A3009E6B1C /* RegularNewsTableViewCell.swift */ = {isa = PBXFileReference; lastKnownFileType = sourcecode.swift; path = RegularNewsTableViewCell.swift; sourceTree = "<group>"; };
		84CBE06C27BB0042009E6B1C /* UIView+Extension.swift */ = {isa = PBXFileReference; lastKnownFileType = sourcecode.swift; path = "UIView+Extension.swift"; sourceTree = "<group>"; };
		84CBE06E27C44696009E6B1C /* String+Extension.swift */ = {isa = PBXFileReference; lastKnownFileType = sourcecode.swift; path = "String+Extension.swift"; sourceTree = "<group>"; };
		84CBE07027C5060B009E6B1C /* Date+Extension.swift */ = {isa = PBXFileReference; lastKnownFileType = sourcecode.swift; path = "Date+Extension.swift"; sourceTree = "<group>"; };
/* End PBXFileReference section */

/* Begin PBXFrameworksBuildPhase section */
		848F053927B4364600B705A8 /* Frameworks */ = {
			isa = PBXFrameworksBuildPhase;
			buildActionMask = 2147483647;
			files = (
			);
			runOnlyForDeploymentPostprocessing = 0;
		};
/* End PBXFrameworksBuildPhase section */

/* Begin PBXGroup section */
		848F053327B4364600B705A8 = {
			isa = PBXGroup;
			children = (
				848F053E27B4364600B705A8 /* TheNews */,
				848F053D27B4364600B705A8 /* Products */,
			);
			sourceTree = "<group>";
		};
		848F053D27B4364600B705A8 /* Products */ = {
			isa = PBXGroup;
			children = (
				848F053C27B4364600B705A8 /* TheNews.app */,
			);
			name = Products;
			sourceTree = "<group>";
		};
		848F053E27B4364600B705A8 /* TheNews */ = {
			isa = PBXGroup;
			children = (
				848F055327B43E9000B705A8 /* App */,
				848F055527B43FFF00B705A8 /* TheNews */,
				848F055427B43EA000B705A8 /* Sources */,
				848F055627B4401600B705A8 /* SupportedFiles */,
				848F054D27B4364900B705A8 /* Info.plist */,
			);
			path = TheNews;
			sourceTree = "<group>";
		};
		848F055327B43E9000B705A8 /* App */ = {
			isa = PBXGroup;
			children = (
				848F053F27B4364600B705A8 /* AppDelegate.swift */,
				848F054127B4364600B705A8 /* SceneDelegate.swift */,
			);
			path = App;
			sourceTree = "<group>";
		};
		848F055427B43EA000B705A8 /* Sources */ = {
			isa = PBXGroup;
			children = (
				848F054827B4364900B705A8 /* Assets.xcassets */,
			);
			path = Sources;
			sourceTree = "<group>";
		};
		848F055527B43FFF00B705A8 /* TheNews */ = {
			isa = PBXGroup;
			children = (
				84CBE06327B59B0A009E6B1C /* Common */,
				848F055827B446D700B705A8 /* BaseClass */,
				848F055A27B4470E00B705A8 /* CustomView */,
				848F055927B446FA00B705A8 /* Scenes */,
				848F055B27B44A7E00B705A8 /* Other */,
			);
			path = TheNews;
			sourceTree = "<group>";
		};
		848F055627B4401600B705A8 /* SupportedFiles */ = {
			isa = PBXGroup;
			children = (
				848F054A27B4364900B705A8 /* LaunchScreen.storyboard */,
			);
			path = SupportedFiles;
			sourceTree = "<group>";
		};
		848F055727B4454400B705A8 /* RegularNews */ = {
			isa = PBXGroup;
			children = (
				848F056C27B45D2800B705A8 /* RegularNewsModel.swift */,
				848F056627B4537300B705A8 /* RegularNewsPresenter.swift */,
				848F056827B4538100B705A8 /* RegularNewsViewController.swift */,
				848F056A27B4539100B705A8 /* RegularNewsViewBuilder.swift */,
				84CBE06A27BAC7A3009E6B1C /* RegularNewsTableViewCell.swift */,
			);
			path = RegularNews;
			sourceTree = "<group>";
		};
		848F055827B446D700B705A8 /* BaseClass */ = {
			isa = PBXGroup;
			children = (
				848F054327B4364600B705A8 /* BaseViewController.swift */,
				848F056227B4513A00B705A8 /* BaseNavigationController.swift */,
				848F057227B4665200B705A8 /* BaseTabBarController.swift */,
			);
			path = BaseClass;
			sourceTree = "<group>";
		};
		848F055927B446FA00B705A8 /* Scenes */ = {
			isa = PBXGroup;
			children = (
				84CBE06427B6F2EC009E6B1C /* RootView */,
				848F057127B4662600B705A8 /* TopNews */,
				848F055727B4454400B705A8 /* RegularNews */,
				848F057027B4661000B705A8 /* DetailNews */,
				848F056427B451FC00B705A8 /* ViewBuilderProtocol.swift */,
			);
			path = Scenes;
			sourceTree = "<group>";
		};
		848F055A27B4470E00B705A8 /* CustomView */ = {
			isa = PBXGroup;
			children = (
				84CBE06827B8034D009E6B1C /* LoadingView.swift */,
			);
			path = CustomView;
			sourceTree = "<group>";
		};
		848F055B27B44A7E00B705A8 /* Other */ = {
			isa = PBXGroup;
			children = (
				848F055F27B44B8F00B705A8 /* Constants */,
				848F055C27B44A9300B705A8 /* Extensions */,
			);
			path = Other;
			sourceTree = "<group>";
		};
		848F055C27B44A9300B705A8 /* Extensions */ = {
			isa = PBXGroup;
			children = (
				848F055D27B44AAC00B705A8 /* UIColor+Extension.swift */,
				84CBE06C27BB0042009E6B1C /* UIView+Extension.swift */,
				84CBE06E27C44696009E6B1C /* String+Extension.swift */,
				84CBE07027C5060B009E6B1C /* Date+Extension.swift */,
			);
			path = Extensions;
			sourceTree = "<group>";
		};
		848F055F27B44B8F00B705A8 /* Constants */ = {
			isa = PBXGroup;
			children = (
				848F056027B44BB000B705A8 /* ThemeColor.swift */,
			);
			path = Constants;
			sourceTree = "<group>";
		};
		848F057027B4661000B705A8 /* DetailNews */ = {
			isa = PBXGroup;
			children = (
			);
			path = DetailNews;
			sourceTree = "<group>";
		};
		848F057127B4662600B705A8 /* TopNews */ = {
			isa = PBXGroup;
			children = (
			);
			path = TopNews;
			sourceTree = "<group>";
		};
		84CBE06327B59B0A009E6B1C /* Common */ = {
			isa = PBXGroup;
			children = (
				848F056E27B4618E00B705A8 /* News.swift */,
			);
			path = Common;
			sourceTree = "<group>";
		};
		84CBE06427B6F2EC009E6B1C /* RootView */ = {
			isa = PBXGroup;
			children = (
				848F057427B577A400B705A8 /* RootViewController.swift */,
			);
			path = RootView;
			sourceTree = "<group>";
		};
/* End PBXGroup section */

/* Begin PBXNativeTarget section */
		848F053B27B4364600B705A8 /* TheNews */ = {
			isa = PBXNativeTarget;
			buildConfigurationList = 848F055027B4364900B705A8 /* Build configuration list for PBXNativeTarget "TheNews" */;
			buildPhases = (
				848F053827B4364600B705A8 /* Sources */,
				848F053927B4364600B705A8 /* Frameworks */,
				848F053A27B4364600B705A8 /* Resources */,
			);
			buildRules = (
			);
			dependencies = (
			);
			name = TheNews;
			productName = TheNews;
			productReference = 848F053C27B4364600B705A8 /* TheNews.app */;
			productType = "com.apple.product-type.application";
		};
/* End PBXNativeTarget section */

/* Begin PBXProject section */
		848F053427B4364600B705A8 /* Project object */ = {
			isa = PBXProject;
			attributes = {
				LastSwiftUpdateCheck = 1250;
				LastUpgradeCheck = 1250;
				TargetAttributes = {
					848F053B27B4364600B705A8 = {
						CreatedOnToolsVersion = 12.5.1;
					};
				};
			};
			buildConfigurationList = 848F053727B4364600B705A8 /* Build configuration list for PBXProject "TheNews" */;
			compatibilityVersion = "Xcode 9.3";
			developmentRegion = en;
			hasScannedForEncodings = 0;
			knownRegions = (
				en,
				Base,
			);
			mainGroup = 848F053327B4364600B705A8;
			productRefGroup = 848F053D27B4364600B705A8 /* Products */;
			projectDirPath = "";
			projectRoot = "";
			targets = (
				848F053B27B4364600B705A8 /* TheNews */,
			);
		};
/* End PBXProject section */

/* Begin PBXResourcesBuildPhase section */
		848F053A27B4364600B705A8 /* Resources */ = {
			isa = PBXResourcesBuildPhase;
			buildActionMask = 2147483647;
			files = (
				848F054C27B4364900B705A8 /* LaunchScreen.storyboard in Resources */,
				848F054927B4364900B705A8 /* Assets.xcassets in Resources */,
			);
			runOnlyForDeploymentPostprocessing = 0;
		};
/* End PBXResourcesBuildPhase section */

/* Begin PBXSourcesBuildPhase section */
		848F053827B4364600B705A8 /* Sources */ = {
			isa = PBXSourcesBuildPhase;
			buildActionMask = 2147483647;
			files = (
				848F054427B4364600B705A8 /* BaseViewController.swift in Sources */,
				848F054027B4364600B705A8 /* AppDelegate.swift in Sources */,
				848F056527B451FC00B705A8 /* ViewBuilderProtocol.swift in Sources */,
				848F056327B4513A00B705A8 /* BaseNavigationController.swift in Sources */,
				848F056727B4537300B705A8 /* RegularNewsPresenter.swift in Sources */,
				848F056127B44BB000B705A8 /* ThemeColor.swift in Sources */,
				848F056F27B4618E00B705A8 /* News.swift in Sources */,
				84CBE06D27BB0042009E6B1C /* UIView+Extension.swift in Sources */,
				848F056B27B4539100B705A8 /* RegularNewsViewBuilder.swift in Sources */,
				84CBE06927B8034D009E6B1C /* LoadingView.swift in Sources */,
				848F054227B4364600B705A8 /* SceneDelegate.swift in Sources */,
				848F056927B4538100B705A8 /* RegularNewsViewController.swift in Sources */,
				84CBE06B27BAC7A3009E6B1C /* RegularNewsTableViewCell.swift in Sources */,
				848F057527B577A400B705A8 /* RootViewController.swift in Sources */,
				84CBE06F27C44696009E6B1C /* String+Extension.swift in Sources */,
				848F057327B4665200B705A8 /* BaseTabBarController.swift in Sources */,
				848F056D27B45D2800B705A8 /* RegularNewsModel.swift in Sources */,
				84CBE07127C5060B009E6B1C /* Date+Extension.swift in Sources */,
				848F055E27B44AAC00B705A8 /* UIColor+Extension.swift in Sources */,
			);
			runOnlyForDeploymentPostprocessing = 0;
		};
/* End PBXSourcesBuildPhase section */

/* Begin PBXVariantGroup section */
		848F054A27B4364900B705A8 /* LaunchScreen.storyboard */ = {
			isa = PBXVariantGroup;
			children = (
				848F054B27B4364900B705A8 /* Base */,
			);
			name = LaunchScreen.storyboard;
			sourceTree = "<group>";
		};
/* End PBXVariantGroup section */

/* Begin XCBuildConfiguration section */
		848F054E27B4364900B705A8 /* Debug */ = {
			isa = XCBuildConfiguration;
			buildSettings = {
				ALWAYS_SEARCH_USER_PATHS = NO;
				CLANG_ANALYZER_NONNULL = YES;
				CLANG_ANALYZER_NUMBER_OBJECT_CONVERSION = YES_AGGRESSIVE;
				CLANG_CXX_LANGUAGE_STANDARD = "gnu++14";
				CLANG_CXX_LIBRARY = "libc++";
				CLANG_ENABLE_MODULES = YES;
				CLANG_ENABLE_OBJC_ARC = YES;
				CLANG_ENABLE_OBJC_WEAK = YES;
				CLANG_WARN_BLOCK_CAPTURE_AUTORELEASING = YES;
				CLANG_WARN_BOOL_CONVERSION = YES;
				CLANG_WARN_COMMA = YES;
				CLANG_WARN_CONSTANT_CONVERSION = YES;
				CLANG_WARN_DEPRECATED_OBJC_IMPLEMENTATIONS = YES;
				CLANG_WARN_DIRECT_OBJC_ISA_USAGE = YES_ERROR;
				CLANG_WARN_DOCUMENTATION_COMMENTS = YES;
				CLANG_WARN_EMPTY_BODY = YES;
				CLANG_WARN_ENUM_CONVERSION = YES;
				CLANG_WARN_INFINITE_RECURSION = YES;
				CLANG_WARN_INT_CONVERSION = YES;
				CLANG_WARN_NON_LITERAL_NULL_CONVERSION = YES;
				CLANG_WARN_OBJC_IMPLICIT_RETAIN_SELF = YES;
				CLANG_WARN_OBJC_LITERAL_CONVERSION = YES;
				CLANG_WARN_OBJC_ROOT_CLASS = YES_ERROR;
				CLANG_WARN_QUOTED_INCLUDE_IN_FRAMEWORK_HEADER = YES;
				CLANG_WARN_RANGE_LOOP_ANALYSIS = YES;
				CLANG_WARN_STRICT_PROTOTYPES = YES;
				CLANG_WARN_SUSPICIOUS_MOVE = YES;
				CLANG_WARN_UNGUARDED_AVAILABILITY = YES_AGGRESSIVE;
				CLANG_WARN_UNREACHABLE_CODE = YES;
				CLANG_WARN__DUPLICATE_METHOD_MATCH = YES;
				COPY_PHASE_STRIP = NO;
				DEBUG_INFORMATION_FORMAT = dwarf;
				ENABLE_STRICT_OBJC_MSGSEND = YES;
				ENABLE_TESTABILITY = YES;
				GCC_C_LANGUAGE_STANDARD = gnu11;
				GCC_DYNAMIC_NO_PIC = NO;
				GCC_NO_COMMON_BLOCKS = YES;
				GCC_OPTIMIZATION_LEVEL = 0;
				GCC_PREPROCESSOR_DEFINITIONS = (
					"DEBUG=1",
					"$(inherited)",
				);
				GCC_WARN_64_TO_32_BIT_CONVERSION = YES;
				GCC_WARN_ABOUT_RETURN_TYPE = YES_ERROR;
				GCC_WARN_UNDECLARED_SELECTOR = YES;
				GCC_WARN_UNINITIALIZED_AUTOS = YES_AGGRESSIVE;
				GCC_WARN_UNUSED_FUNCTION = YES;
				GCC_WARN_UNUSED_VARIABLE = YES;
				IPHONEOS_DEPLOYMENT_TARGET = 13.0;
				MTL_ENABLE_DEBUG_INFO = INCLUDE_SOURCE;
				MTL_FAST_MATH = YES;
				ONLY_ACTIVE_ARCH = YES;
				SDKROOT = iphoneos;
				SWIFT_ACTIVE_COMPILATION_CONDITIONS = DEBUG;
				SWIFT_OPTIMIZATION_LEVEL = "-Onone";
			};
			name = Debug;
		};
		848F054F27B4364900B705A8 /* Release */ = {
			isa = XCBuildConfiguration;
			buildSettings = {
				ALWAYS_SEARCH_USER_PATHS = NO;
				CLANG_ANALYZER_NONNULL = YES;
				CLANG_ANALYZER_NUMBER_OBJECT_CONVERSION = YES_AGGRESSIVE;
				CLANG_CXX_LANGUAGE_STANDARD = "gnu++14";
				CLANG_CXX_LIBRARY = "libc++";
				CLANG_ENABLE_MODULES = YES;
				CLANG_ENABLE_OBJC_ARC = YES;
				CLANG_ENABLE_OBJC_WEAK = YES;
				CLANG_WARN_BLOCK_CAPTURE_AUTORELEASING = YES;
				CLANG_WARN_BOOL_CONVERSION = YES;
				CLANG_WARN_COMMA = YES;
				CLANG_WARN_CONSTANT_CONVERSION = YES;
				CLANG_WARN_DEPRECATED_OBJC_IMPLEMENTATIONS = YES;
				CLANG_WARN_DIRECT_OBJC_ISA_USAGE = YES_ERROR;
				CLANG_WARN_DOCUMENTATION_COMMENTS = YES;
				CLANG_WARN_EMPTY_BODY = YES;
				CLANG_WARN_ENUM_CONVERSION = YES;
				CLANG_WARN_INFINITE_RECURSION = YES;
				CLANG_WARN_INT_CONVERSION = YES;
				CLANG_WARN_NON_LITERAL_NULL_CONVERSION = YES;
				CLANG_WARN_OBJC_IMPLICIT_RETAIN_SELF = YES;
				CLANG_WARN_OBJC_LITERAL_CONVERSION = YES;
				CLANG_WARN_OBJC_ROOT_CLASS = YES_ERROR;
				CLANG_WARN_QUOTED_INCLUDE_IN_FRAMEWORK_HEADER = YES;
				CLANG_WARN_RANGE_LOOP_ANALYSIS = YES;
				CLANG_WARN_STRICT_PROTOTYPES = YES;
				CLANG_WARN_SUSPICIOUS_MOVE = YES;
				CLANG_WARN_UNGUARDED_AVAILABILITY = YES_AGGRESSIVE;
				CLANG_WARN_UNREACHABLE_CODE = YES;
				CLANG_WARN__DUPLICATE_METHOD_MATCH = YES;
				COPY_PHASE_STRIP = NO;
				DEBUG_INFORMATION_FORMAT = "dwarf-with-dsym";
				ENABLE_NS_ASSERTIONS = NO;
				ENABLE_STRICT_OBJC_MSGSEND = YES;
				GCC_C_LANGUAGE_STANDARD = gnu11;
				GCC_NO_COMMON_BLOCKS = YES;
				GCC_WARN_64_TO_32_BIT_CONVERSION = YES;
				GCC_WARN_ABOUT_RETURN_TYPE = YES_ERROR;
				GCC_WARN_UNDECLARED_SELECTOR = YES;
				GCC_WARN_UNINITIALIZED_AUTOS = YES_AGGRESSIVE;
				GCC_WARN_UNUSED_FUNCTION = YES;
				GCC_WARN_UNUSED_VARIABLE = YES;
				IPHONEOS_DEPLOYMENT_TARGET = 13.0;
				MTL_ENABLE_DEBUG_INFO = NO;
				MTL_FAST_MATH = YES;
				SDKROOT = iphoneos;
				SWIFT_COMPILATION_MODE = wholemodule;
				SWIFT_OPTIMIZATION_LEVEL = "-O";
				VALIDATE_PRODUCT = YES;
			};
			name = Release;
		};
		848F055127B4364900B705A8 /* Debug */ = {
			isa = XCBuildConfiguration;
			buildSettings = {
				ASSETCATALOG_COMPILER_APPICON_NAME = AppIcon;
				ASSETCATALOG_COMPILER_GLOBAL_ACCENT_COLOR_NAME = AccentColor;
				CODE_SIGN_STYLE = Automatic;
				DEVELOPMENT_TEAM = S46HN8WG63;
				INFOPLIST_FILE = TheNews/Info.plist;
				LD_RUNPATH_SEARCH_PATHS = (
					"$(inherited)",
					"@executable_path/Frameworks",
				);
				PRODUCT_BUNDLE_IDENTIFIER = com.VSTsyganov.TheNews;
				PRODUCT_NAME = "$(TARGET_NAME)";
				SWIFT_VERSION = 5.0;
				TARGETED_DEVICE_FAMILY = "1,2";
			};
			name = Debug;
		};
		848F055227B4364900B705A8 /* Release */ = {
			isa = XCBuildConfiguration;
			buildSettings = {
				ASSETCATALOG_COMPILER_APPICON_NAME = AppIcon;
				ASSETCATALOG_COMPILER_GLOBAL_ACCENT_COLOR_NAME = AccentColor;
				CODE_SIGN_STYLE = Automatic;
				DEVELOPMENT_TEAM = S46HN8WG63;
				INFOPLIST_FILE = TheNews/Info.plist;
				LD_RUNPATH_SEARCH_PATHS = (
					"$(inherited)",
					"@executable_path/Frameworks",
				);
				PRODUCT_BUNDLE_IDENTIFIER = com.VSTsyganov.TheNews;
				PRODUCT_NAME = "$(TARGET_NAME)";
				SWIFT_VERSION = 5.0;
				TARGETED_DEVICE_FAMILY = "1,2";
			};
			name = Release;
		};
/* End XCBuildConfiguration section */

/* Begin XCConfigurationList section */
		848F053727B4364600B705A8 /* Build configuration list for PBXProject "TheNews" */ = {
			isa = XCConfigurationList;
			buildConfigurations = (
				848F054E27B4364900B705A8 /* Debug */,
				848F054F27B4364900B705A8 /* Release */,
			);
			defaultConfigurationIsVisible = 0;
			defaultConfigurationName = Release;
		};
		848F055027B4364900B705A8 /* Build configuration list for PBXNativeTarget "TheNews" */ = {
			isa = XCConfigurationList;
			buildConfigurations = (
				848F055127B4364900B705A8 /* Debug */,
				848F055227B4364900B705A8 /* Release */,
			);
			defaultConfigurationIsVisible = 0;
			defaultConfigurationName = Release;
		};
/* End XCConfigurationList section */
	};
	rootObject = 848F053427B4364600B705A8 /* Project object */;
}
